// !$*UTF8*$!
{
	archiveVersion = 1;
	classes = {
	};
	objectVersion = 55;
	objects = {

/* Begin PBXBuildFile section */
		ED601E412880CA4500BFCDA2 /* ResultVC.swift in Sources */ = {isa = PBXBuildFile; fileRef = ED601E402880CA4500BFCDA2 /* ResultVC.swift */; };
		ED7C67E02878CDFD006D5882 /* AppDelegate.swift in Sources */ = {isa = PBXBuildFile; fileRef = ED7C67DF2878CDFD006D5882 /* AppDelegate.swift */; };
		ED7C67E22878CDFD006D5882 /* SceneDelegate.swift in Sources */ = {isa = PBXBuildFile; fileRef = ED7C67E12878CDFD006D5882 /* SceneDelegate.swift */; };
		ED7C67EC2878CDFF006D5882 /* Assets.xcassets in Resources */ = {isa = PBXBuildFile; fileRef = ED7C67EB2878CDFF006D5882 /* Assets.xcassets */; };
		ED7C67EF2878CDFF006D5882 /* LaunchScreen.storyboard in Resources */ = {isa = PBXBuildFile; fileRef = ED7C67ED2878CDFF006D5882 /* LaunchScreen.storyboard */; };
		ED7C67F82878CF4F006D5882 /* StartVC.swift in Sources */ = {isa = PBXBuildFile; fileRef = ED7C67F72878CF4F006D5882 /* StartVC.swift */; };
		ED7C68032878D3B2006D5882 /* UISettings.swift in Sources */ = {isa = PBXBuildFile; fileRef = ED7C68022878D3B2006D5882 /* UISettings.swift */; };
		ED7C68052878D7FD006D5882 /* CustomButtons.swift in Sources */ = {isa = PBXBuildFile; fileRef = ED7C68042878D7FD006D5882 /* CustomButtons.swift */; };
		ED7C68072878E919006D5882 /* CustomLabels.swift in Sources */ = {isa = PBXBuildFile; fileRef = ED7C68062878E919006D5882 /* CustomLabels.swift */; };
		ED7C68092878ED6F006D5882 /* QuestionsVC.swift in Sources */ = {isa = PBXBuildFile; fileRef = ED7C68082878ED6F006D5882 /* QuestionsVC.swift */; };
		ED7C680B2878F256006D5882 /* CustomTableViewCell.swift in Sources */ = {isa = PBXBuildFile; fileRef = ED7C680A2878F256006D5882 /* CustomTableViewCell.swift */; };
		EDC0209E287B8872002FD4AE /* questions.json in Resources */ = {isa = PBXBuildFile; fileRef = EDC0209D287B8872002FD4AE /* questions.json */; };
		EDC020A1287B920A002FD4AE /* Question.swift in Sources */ = {isa = PBXBuildFile; fileRef = EDC020A0287B920A002FD4AE /* Question.swift */; };
		EDC020A3287BAC06002FD4AE /* Network.swift in Sources */ = {isa = PBXBuildFile; fileRef = EDC020A2287BAC06002FD4AE /* Network.swift */; };
		EDC020A5287C4334002FD4AE /* Game.swift in Sources */ = {isa = PBXBuildFile; fileRef = EDC020A4287C4334002FD4AE /* Game.swift */; };
		EDC020A8287C65B2002FD4AE /* ScoreVC.swift in Sources */ = {isa = PBXBuildFile; fileRef = EDC020A7287C65B2002FD4AE /* ScoreVC.swift */; };
		EDE61A9B287F711200B4AF66 /* ScoreModel.xcdatamodeld in Sources */ = {isa = PBXBuildFile; fileRef = EDE61A99287F711200B4AF66 /* ScoreModel.xcdatamodeld */; };
		EDE61A9D287F726300B4AF66 /* ScoreModelRequest.swift in Sources */ = {isa = PBXBuildFile; fileRef = EDE61A9C287F726300B4AF66 /* ScoreModelRequest.swift */; };
		EDE61AA2287F9DA300B4AF66 /* Animations.swift in Sources */ = {isa = PBXBuildFile; fileRef = EDE61AA1287F9DA300B4AF66 /* Animations.swift */; };
		EDEFF235287CE6A30045920E /* PrepareVC.swift in Sources */ = {isa = PBXBuildFile; fileRef = EDEFF234287CE6A30045920E /* PrepareVC.swift */; };
/* End PBXBuildFile section */

/* Begin PBXFileReference section */
		ED601E402880CA4500BFCDA2 /* ResultVC.swift */ = {isa = PBXFileReference; lastKnownFileType = sourcecode.swift; path = ResultVC.swift; sourceTree = "<group>"; };
		ED7C67DC2878CDFD006D5882 /* WhatWhereWhen.app */ = {isa = PBXFileReference; explicitFileType = wrapper.application; includeInIndex = 0; path = WhatWhereWhen.app; sourceTree = BUILT_PRODUCTS_DIR; };
		ED7C67DF2878CDFD006D5882 /* AppDelegate.swift */ = {isa = PBXFileReference; lastKnownFileType = sourcecode.swift; path = AppDelegate.swift; sourceTree = "<group>"; };
		ED7C67E12878CDFD006D5882 /* SceneDelegate.swift */ = {isa = PBXFileReference; lastKnownFileType = sourcecode.swift; path = SceneDelegate.swift; sourceTree = "<group>"; };
		ED7C67EB2878CDFF006D5882 /* Assets.xcassets */ = {isa = PBXFileReference; lastKnownFileType = folder.assetcatalog; path = Assets.xcassets; sourceTree = "<group>"; };
		ED7C67EE2878CDFF006D5882 /* Base */ = {isa = PBXFileReference; lastKnownFileType = file.storyboard; name = Base; path = Base.lproj/LaunchScreen.storyboard; sourceTree = "<group>"; };
		ED7C67F02878CDFF006D5882 /* Info.plist */ = {isa = PBXFileReference; lastKnownFileType = text.plist.xml; path = Info.plist; sourceTree = "<group>"; };
		ED7C67F72878CF4F006D5882 /* StartVC.swift */ = {isa = PBXFileReference; lastKnownFileType = sourcecode.swift; path = StartVC.swift; sourceTree = "<group>"; };
		ED7C68022878D3B2006D5882 /* UISettings.swift */ = {isa = PBXFileReference; lastKnownFileType = sourcecode.swift; path = UISettings.swift; sourceTree = "<group>"; };
		ED7C68042878D7FD006D5882 /* CustomButtons.swift */ = {isa = PBXFileReference; lastKnownFileType = sourcecode.swift; path = CustomButtons.swift; sourceTree = "<group>"; };
		ED7C68062878E919006D5882 /* CustomLabels.swift */ = {isa = PBXFileReference; lastKnownFileType = sourcecode.swift; path = CustomLabels.swift; sourceTree = "<group>"; };
		ED7C68082878ED6F006D5882 /* QuestionsVC.swift */ = {isa = PBXFileReference; lastKnownFileType = sourcecode.swift; path = QuestionsVC.swift; sourceTree = "<group>"; };
		ED7C680A2878F256006D5882 /* CustomTableViewCell.swift */ = {isa = PBXFileReference; lastKnownFileType = sourcecode.swift; path = CustomTableViewCell.swift; sourceTree = "<group>"; };
		EDC0209D287B8872002FD4AE /* questions.json */ = {isa = PBXFileReference; fileEncoding = 4; lastKnownFileType = text.json; path = questions.json; sourceTree = "<group>"; };
		EDC020A0287B920A002FD4AE /* Question.swift */ = {isa = PBXFileReference; lastKnownFileType = sourcecode.swift; path = Question.swift; sourceTree = "<group>"; };
		EDC020A2287BAC06002FD4AE /* Network.swift */ = {isa = PBXFileReference; lastKnownFileType = sourcecode.swift; path = Network.swift; sourceTree = "<group>"; };
		EDC020A4287C4334002FD4AE /* Game.swift */ = {isa = PBXFileReference; lastKnownFileType = sourcecode.swift; path = Game.swift; sourceTree = "<group>"; };
		EDC020A7287C65B2002FD4AE /* ScoreVC.swift */ = {isa = PBXFileReference; lastKnownFileType = sourcecode.swift; path = ScoreVC.swift; sourceTree = "<group>"; };
		EDE61A9A287F711200B4AF66 /* Model.xcdatamodel */ = {isa = PBXFileReference; lastKnownFileType = wrapper.xcdatamodel; path = Model.xcdatamodel; sourceTree = "<group>"; };
		EDE61A9C287F726300B4AF66 /* ScoreModelRequest.swift */ = {isa = PBXFileReference; lastKnownFileType = sourcecode.swift; path = ScoreModelRequest.swift; sourceTree = "<group>"; };
		EDE61AA1287F9DA300B4AF66 /* Animations.swift */ = {isa = PBXFileReference; lastKnownFileType = sourcecode.swift; path = Animations.swift; sourceTree = "<group>"; };
		EDEFF234287CE6A30045920E /* PrepareVC.swift */ = {isa = PBXFileReference; lastKnownFileType = sourcecode.swift; path = PrepareVC.swift; sourceTree = "<group>"; };
/* End PBXFileReference section */

/* Begin PBXFrameworksBuildPhase section */
		ED7C67D92878CDFD006D5882 /* Frameworks */ = {
			isa = PBXFrameworksBuildPhase;
			buildActionMask = 2147483647;
			files = (
			);
			runOnlyForDeploymentPostprocessing = 0;
		};
/* End PBXFrameworksBuildPhase section */

/* Begin PBXGroup section */
		ED7C67D32878CDFD006D5882 = {
			isa = PBXGroup;
			children = (
				ED7C67DE2878CDFD006D5882 /* WhatWhereWhen */,
				ED7C67DD2878CDFD006D5882 /* Products */,
			);
			sourceTree = "<group>";
		};
		ED7C67DD2878CDFD006D5882 /* Products */ = {
			isa = PBXGroup;
			children = (
				ED7C67DC2878CDFD006D5882 /* WhatWhereWhen.app */,
			);
			name = Products;
			sourceTree = "<group>";
		};
		ED7C67DE2878CDFD006D5882 /* WhatWhereWhen */ = {
			isa = PBXGroup;
			children = (
				ED7C67DF2878CDFD006D5882 /* AppDelegate.swift */,
				ED7C67E12878CDFD006D5882 /* SceneDelegate.swift */,
				EDC0209F287B91E5002FD4AE /* Model */,
				ED7C67FB2878D0EB006D5882 /* View */,
				ED7C67F62878CF37006D5882 /* Controllers */,
				ED7C67EB2878CDFF006D5882 /* Assets.xcassets */,
				ED7C67ED2878CDFF006D5882 /* LaunchScreen.storyboard */,
				ED7C67F02878CDFF006D5882 /* Info.plist */,
				EDC0209D287B8872002FD4AE /* questions.json */,
			);
			path = WhatWhereWhen;
			sourceTree = "<group>";
		};
		ED7C67F62878CF37006D5882 /* Controllers */ = {
			isa = PBXGroup;
			children = (
				ED7C67F72878CF4F006D5882 /* StartVC.swift */,
				EDEFF234287CE6A30045920E /* PrepareVC.swift */,
				ED7C68082878ED6F006D5882 /* QuestionsVC.swift */,
				ED601E402880CA4500BFCDA2 /* ResultVC.swift */,
				EDC020A7287C65B2002FD4AE /* ScoreVC.swift */,
			);
			path = Controllers;
			sourceTree = "<group>";
		};
		ED7C67FB2878D0EB006D5882 /* View */ = {
			isa = PBXGroup;
			children = (
				ED7C68022878D3B2006D5882 /* UISettings.swift */,
				ED7C68042878D7FD006D5882 /* CustomButtons.swift */,
				ED7C68062878E919006D5882 /* CustomLabels.swift */,
				ED7C680A2878F256006D5882 /* CustomTableViewCell.swift */,
				EDE61AA1287F9DA300B4AF66 /* Animations.swift */,
			);
			path = View;
			sourceTree = "<group>";
		};
		EDC0209F287B91E5002FD4AE /* Model */ = {
			isa = PBXGroup;
			children = (
				EDC020A0287B920A002FD4AE /* Question.swift */,
				EDC020A2287BAC06002FD4AE /* Network.swift */,
				EDC020A4287C4334002FD4AE /* Game.swift */,
				EDE61A9E287F871900B4AF66 /* CoreData */,
			);
			path = Model;
			sourceTree = "<group>";
		};
		EDE61A9E287F871900B4AF66 /* CoreData */ = {
			isa = PBXGroup;
			children = (
				EDE61A99287F711200B4AF66 /* ScoreModel.xcdatamodeld */,
				EDE61A9C287F726300B4AF66 /* ScoreModelRequest.swift */,
			);
			path = CoreData;
			sourceTree = "<group>";
		};
/* End PBXGroup section */

/* Begin PBXNativeTarget section */
		ED7C67DB2878CDFD006D5882 /* WhatWhereWhen */ = {
			isa = PBXNativeTarget;
			buildConfigurationList = ED7C67F32878CDFF006D5882 /* Build configuration list for PBXNativeTarget "WhatWhereWhen" */;
			buildPhases = (
				ED7C67D82878CDFD006D5882 /* Sources */,
				ED7C67D92878CDFD006D5882 /* Frameworks */,
				ED7C67DA2878CDFD006D5882 /* Resources */,
			);
			buildRules = (
			);
			dependencies = (
			);
			name = WhatWhereWhen;
			productName = WhatWhereWhen;
			productReference = ED7C67DC2878CDFD006D5882 /* WhatWhereWhen.app */;
			productType = "com.apple.product-type.application";
		};
/* End PBXNativeTarget section */

/* Begin PBXProject section */
		ED7C67D42878CDFD006D5882 /* Project object */ = {
			isa = PBXProject;
			attributes = {
				BuildIndependentTargetsInParallel = 1;
				LastSwiftUpdateCheck = 1340;
				LastUpgradeCheck = 1340;
				TargetAttributes = {
					ED7C67DB2878CDFD006D5882 = {
						CreatedOnToolsVersion = 13.4.1;
					};
				};
			};
			buildConfigurationList = ED7C67D72878CDFD006D5882 /* Build configuration list for PBXProject "WhatWhereWhen" */;
			compatibilityVersion = "Xcode 13.0";
			developmentRegion = en;
			hasScannedForEncodings = 0;
			knownRegions = (
				en,
				Base,
			);
			mainGroup = ED7C67D32878CDFD006D5882;
			productRefGroup = ED7C67DD2878CDFD006D5882 /* Products */;
			projectDirPath = "";
			projectRoot = "";
			targets = (
				ED7C67DB2878CDFD006D5882 /* WhatWhereWhen */,
			);
		};
/* End PBXProject section */

/* Begin PBXResourcesBuildPhase section */
		ED7C67DA2878CDFD006D5882 /* Resources */ = {
			isa = PBXResourcesBuildPhase;
			buildActionMask = 2147483647;
			files = (
				EDC0209E287B8872002FD4AE /* questions.json in Resources */,
				ED7C67EF2878CDFF006D5882 /* LaunchScreen.storyboard in Resources */,
				ED7C67EC2878CDFF006D5882 /* Assets.xcassets in Resources */,
			);
			runOnlyForDeploymentPostprocessing = 0;
		};
/* End PBXResourcesBuildPhase section */

/* Begin PBXSourcesBuildPhase section */
		ED7C67D82878CDFD006D5882 /* Sources */ = {
			isa = PBXSourcesBuildPhase;
			buildActionMask = 2147483647;
			files = (
				ED7C68092878ED6F006D5882 /* QuestionsVC.swift in Sources */,
				ED7C67E02878CDFD006D5882 /* AppDelegate.swift in Sources */,
				EDEFF235287CE6A30045920E /* PrepareVC.swift in Sources */,
				ED7C67E22878CDFD006D5882 /* SceneDelegate.swift in Sources */,
				ED7C68032878D3B2006D5882 /* UISettings.swift in Sources */,
				EDC020A8287C65B2002FD4AE /* ScoreVC.swift in Sources */,
				ED601E412880CA4500BFCDA2 /* ResultVC.swift in Sources */,
				EDC020A3287BAC06002FD4AE /* Network.swift in Sources */,
				EDC020A1287B920A002FD4AE /* Question.swift in Sources */,
				EDE61A9D287F726300B4AF66 /* ScoreModelRequest.swift in Sources */,
				EDC020A5287C4334002FD4AE /* Game.swift in Sources */,
				EDE61AA2287F9DA300B4AF66 /* Animations.swift in Sources */,
				EDE61A9B287F711200B4AF66 /* ScoreModel.xcdatamodeld in Sources */,
				ED7C680B2878F256006D5882 /* CustomTableViewCell.swift in Sources */,
				ED7C68072878E919006D5882 /* CustomLabels.swift in Sources */,
				ED7C68052878D7FD006D5882 /* CustomButtons.swift in Sources */,
				ED7C67F82878CF4F006D5882 /* StartVC.swift in Sources */,
			);
			runOnlyForDeploymentPostprocessing = 0;
		};
/* End PBXSourcesBuildPhase section */

/* Begin PBXVariantGroup section */
		ED7C67ED2878CDFF006D5882 /* LaunchScreen.storyboard */ = {
			isa = PBXVariantGroup;
			children = (
				ED7C67EE2878CDFF006D5882 /* Base */,
			);
			name = LaunchScreen.storyboard;
			sourceTree = "<group>";
		};
/* End PBXVariantGroup section */

/* Begin XCBuildConfiguration section */
		ED7C67F12878CDFF006D5882 /* Debug */ = {
			isa = XCBuildConfiguration;
			buildSettings = {
				ALWAYS_SEARCH_USER_PATHS = NO;
				CLANG_ANALYZER_NONNULL = YES;
				CLANG_ANALYZER_NUMBER_OBJECT_CONVERSION = YES_AGGRESSIVE;
				CLANG_CXX_LANGUAGE_STANDARD = "gnu++17";
				CLANG_ENABLE_MODULES = YES;
				CLANG_ENABLE_OBJC_ARC = YES;
				CLANG_ENABLE_OBJC_WEAK = YES;
				CLANG_WARN_BLOCK_CAPTURE_AUTORELEASING = YES;
				CLANG_WARN_BOOL_CONVERSION = YES;
				CLANG_WARN_COMMA = YES;
				CLANG_WARN_CONSTANT_CONVERSION = YES;
				CLANG_WARN_DEPRECATED_OBJC_IMPLEMENTATIONS = YES;
				CLANG_WARN_DIRECT_OBJC_ISA_USAGE = YES_ERROR;
				CLANG_WARN_DOCUMENTATION_COMMENTS = YES;
				CLANG_WARN_EMPTY_BODY = YES;
				CLANG_WARN_ENUM_CONVERSION = YES;
				CLANG_WARN_INFINITE_RECURSION = YES;
				CLANG_WARN_INT_CONVERSION = YES;
				CLANG_WARN_NON_LITERAL_NULL_CONVERSION = YES;
				CLANG_WARN_OBJC_IMPLICIT_RETAIN_SELF = YES;
				CLANG_WARN_OBJC_LITERAL_CONVERSION = YES;
				CLANG_WARN_OBJC_ROOT_CLASS = YES_ERROR;
				CLANG_WARN_QUOTED_INCLUDE_IN_FRAMEWORK_HEADER = YES;
				CLANG_WARN_RANGE_LOOP_ANALYSIS = YES;
				CLANG_WARN_STRICT_PROTOTYPES = YES;
				CLANG_WARN_SUSPICIOUS_MOVE = YES;
				CLANG_WARN_UNGUARDED_AVAILABILITY = YES_AGGRESSIVE;
				CLANG_WARN_UNREACHABLE_CODE = YES;
				CLANG_WARN__DUPLICATE_METHOD_MATCH = YES;
				COPY_PHASE_STRIP = NO;
				DEBUG_INFORMATION_FORMAT = dwarf;
				ENABLE_STRICT_OBJC_MSGSEND = YES;
				ENABLE_TESTABILITY = YES;
				GCC_C_LANGUAGE_STANDARD = gnu11;
				GCC_DYNAMIC_NO_PIC = NO;
				GCC_NO_COMMON_BLOCKS = YES;
				GCC_OPTIMIZATION_LEVEL = 0;
				GCC_PREPROCESSOR_DEFINITIONS = (
					"DEBUG=1",
					"$(inherited)",
				);
				GCC_WARN_64_TO_32_BIT_CONVERSION = YES;
				GCC_WARN_ABOUT_RETURN_TYPE = YES_ERROR;
				GCC_WARN_UNDECLARED_SELECTOR = YES;
				GCC_WARN_UNINITIALIZED_AUTOS = YES_AGGRESSIVE;
				GCC_WARN_UNUSED_FUNCTION = YES;
				GCC_WARN_UNUSED_VARIABLE = YES;
				IPHONEOS_DEPLOYMENT_TARGET = 14.0;
				MTL_ENABLE_DEBUG_INFO = INCLUDE_SOURCE;
				MTL_FAST_MATH = YES;
				ONLY_ACTIVE_ARCH = YES;
				SDKROOT = iphoneos;
				SWIFT_ACTIVE_COMPILATION_CONDITIONS = DEBUG;
				SWIFT_OPTIMIZATION_LEVEL = "-Onone";
			};
			name = Debug;
		};
		ED7C67F22878CDFF006D5882 /* Release */ = {
			isa = XCBuildConfiguration;
			buildSettings = {
				ALWAYS_SEARCH_USER_PATHS = NO;
				CLANG_ANALYZER_NONNULL = YES;
				CLANG_ANALYZER_NUMBER_OBJECT_CONVERSION = YES_AGGRESSIVE;
				CLANG_CXX_LANGUAGE_STANDARD = "gnu++17";
				CLANG_ENABLE_MODULES = YES;
				CLANG_ENABLE_OBJC_ARC = YES;
				CLANG_ENABLE_OBJC_WEAK = YES;
				CLANG_WARN_BLOCK_CAPTURE_AUTORELEASING = YES;
				CLANG_WARN_BOOL_CONVERSION = YES;
				CLANG_WARN_COMMA = YES;
				CLANG_WARN_CONSTANT_CONVERSION = YES;
				CLANG_WARN_DEPRECATED_OBJC_IMPLEMENTATIONS = YES;
				CLANG_WARN_DIRECT_OBJC_ISA_USAGE = YES_ERROR;
				CLANG_WARN_DOCUMENTATION_COMMENTS = YES;
				CLANG_WARN_EMPTY_BODY = YES;
				CLANG_WARN_ENUM_CONVERSION = YES;
				CLANG_WARN_INFINITE_RECURSION = YES;
				CLANG_WARN_INT_CONVERSION = YES;
				CLANG_WARN_NON_LITERAL_NULL_CONVERSION = YES;
				CLANG_WARN_OBJC_IMPLICIT_RETAIN_SELF = YES;
				CLANG_WARN_OBJC_LITERAL_CONVERSION = YES;
				CLANG_WARN_OBJC_ROOT_CLASS = YES_ERROR;
				CLANG_WARN_QUOTED_INCLUDE_IN_FRAMEWORK_HEADER = YES;
				CLANG_WARN_RANGE_LOOP_ANALYSIS = YES;
				CLANG_WARN_STRICT_PROTOTYPES = YES;
				CLANG_WARN_SUSPICIOUS_MOVE = YES;
				CLANG_WARN_UNGUARDED_AVAILABILITY = YES_AGGRESSIVE;
				CLANG_WARN_UNREACHABLE_CODE = YES;
				CLANG_WARN__DUPLICATE_METHOD_MATCH = YES;
				COPY_PHASE_STRIP = NO;
				DEBUG_INFORMATION_FORMAT = "dwarf-with-dsym";
				ENABLE_NS_ASSERTIONS = NO;
				ENABLE_STRICT_OBJC_MSGSEND = YES;
				GCC_C_LANGUAGE_STANDARD = gnu11;
				GCC_NO_COMMON_BLOCKS = YES;
				GCC_WARN_64_TO_32_BIT_CONVERSION = YES;
				GCC_WARN_ABOUT_RETURN_TYPE = YES_ERROR;
				GCC_WARN_UNDECLARED_SELECTOR = YES;
				GCC_WARN_UNINITIALIZED_AUTOS = YES_AGGRESSIVE;
				GCC_WARN_UNUSED_FUNCTION = YES;
				GCC_WARN_UNUSED_VARIABLE = YES;
				IPHONEOS_DEPLOYMENT_TARGET = 14.0;
				MTL_ENABLE_DEBUG_INFO = NO;
				MTL_FAST_MATH = YES;
				SDKROOT = iphoneos;
				SWIFT_COMPILATION_MODE = wholemodule;
				SWIFT_OPTIMIZATION_LEVEL = "-O";
				VALIDATE_PRODUCT = YES;
			};
			name = Release;
		};
		ED7C67F42878CDFF006D5882 /* Debug */ = {
			isa = XCBuildConfiguration;
			buildSettings = {
				ASSETCATALOG_COMPILER_APPICON_NAME = AppIcon;
				ASSETCATALOG_COMPILER_GLOBAL_ACCENT_COLOR_NAME = AccentColor;
				CODE_SIGN_STYLE = Automatic;
				CURRENT_PROJECT_VERSION = 1;
				DEVELOPMENT_TEAM = 6AB7TG5AU6;
				GENERATE_INFOPLIST_FILE = YES;
				INFOPLIST_FILE = WhatWhereWhen/Info.plist;
				INFOPLIST_KEY_UIApplicationSupportsIndirectInputEvents = YES;
				INFOPLIST_KEY_UILaunchStoryboardName = LaunchScreen;
				INFOPLIST_KEY_UISupportedInterfaceOrientations_iPad = "UIInterfaceOrientationPortrait UIInterfaceOrientationPortraitUpsideDown UIInterfaceOrientationLandscapeLeft UIInterfaceOrientationLandscapeRight";
				INFOPLIST_KEY_UISupportedInterfaceOrientations_iPhone = "UIInterfaceOrientationPortrait UIInterfaceOrientationLandscapeLeft UIInterfaceOrientationLandscapeRight";
				LD_RUNPATH_SEARCH_PATHS = (
					"$(inherited)",
					"@executable_path/Frameworks",
				);
				MARKETING_VERSION = 1.0;
				PRODUCT_BUNDLE_IDENTIFIER = e1ernal.WhatWhereWhen;
				PRODUCT_NAME = "$(TARGET_NAME)";
				SWIFT_EMIT_LOC_STRINGS = YES;
				SWIFT_VERSION = 5.0;
				TARGETED_DEVICE_FAMILY = "1,2";
			};
			name = Debug;
		};
		ED7C67F52878CDFF006D5882 /* Release */ = {
			isa = XCBuildConfiguration;
			buildSettings = {
				ASSETCATALOG_COMPILER_APPICON_NAME = AppIcon;
				ASSETCATALOG_COMPILER_GLOBAL_ACCENT_COLOR_NAME = AccentColor;
				CODE_SIGN_STYLE = Automatic;
				CURRENT_PROJECT_VERSION = 1;
				DEVELOPMENT_TEAM = 6AB7TG5AU6;
				GENERATE_INFOPLIST_FILE = YES;
				INFOPLIST_FILE = WhatWhereWhen/Info.plist;
				INFOPLIST_KEY_UIApplicationSupportsIndirectInputEvents = YES;
				INFOPLIST_KEY_UILaunchStoryboardName = LaunchScreen;
				INFOPLIST_KEY_UISupportedInterfaceOrientations_iPad = "UIInterfaceOrientationPortrait UIInterfaceOrientationPortraitUpsideDown UIInterfaceOrientationLandscapeLeft UIInterfaceOrientationLandscapeRight";
				INFOPLIST_KEY_UISupportedInterfaceOrientations_iPhone = "UIInterfaceOrientationPortrait UIInterfaceOrientationLandscapeLeft UIInterfaceOrientationLandscapeRight";
				LD_RUNPATH_SEARCH_PATHS = (
					"$(inherited)",
					"@executable_path/Frameworks",
				);
				MARKETING_VERSION = 1.0;
				PRODUCT_BUNDLE_IDENTIFIER = e1ernal.WhatWhereWhen;
				PRODUCT_NAME = "$(TARGET_NAME)";
				SWIFT_EMIT_LOC_STRINGS = YES;
				SWIFT_VERSION = 5.0;
				TARGETED_DEVICE_FAMILY = "1,2";
			};
			name = Release;
		};
/* End XCBuildConfiguration section */

/* Begin XCConfigurationList section */
		ED7C67D72878CDFD006D5882 /* Build configuration list for PBXProject "WhatWhereWhen" */ = {
			isa = XCConfigurationList;
			buildConfigurations = (
				ED7C67F12878CDFF006D5882 /* Debug */,
				ED7C67F22878CDFF006D5882 /* Release */,
			);
			defaultConfigurationIsVisible = 0;
			defaultConfigurationName = Release;
		};
		ED7C67F32878CDFF006D5882 /* Build configuration list for PBXNativeTarget "WhatWhereWhen" */ = {
			isa = XCConfigurationList;
			buildConfigurations = (
				ED7C67F42878CDFF006D5882 /* Debug */,
				ED7C67F52878CDFF006D5882 /* Release */,
			);
			defaultConfigurationIsVisible = 0;
			defaultConfigurationName = Release;
		};
/* End XCConfigurationList section */

/* Begin XCVersionGroup section */
		EDE61A99287F711200B4AF66 /* ScoreModel.xcdatamodeld */ = {
			isa = XCVersionGroup;
			children = (
				EDE61A9A287F711200B4AF66 /* Model.xcdatamodel */,
			);
			currentVersion = EDE61A9A287F711200B4AF66 /* Model.xcdatamodel */;
			path = ScoreModel.xcdatamodeld;
			sourceTree = "<group>";
			versionGroupType = wrapper.xcdatamodel;
		};
/* End XCVersionGroup section */
	};
	rootObject = ED7C67D42878CDFD006D5882 /* Project object */;
}
